<?xml version="1.0" encoding="utf-8"?>
<Project ToolsVersion="17.0" xmlns="http://schemas.microsoft.com/developer/msbuild/2003">
  <ItemGroup>
    <ClCompile Include="D:\CODE\CMAKE\ch3_4_project\main.cpp">
      <Filter>Source Files</Filter>
    </ClCompile>
  </ItemGroup>
  <ItemGroup>
    <CustomBuild Include="D:\CODE\CMAKE\ch3_4_project\CMakeLists.txt" />
  </ItemGroup>
  <ItemGroup>
    <Object Include="D:\CODE\CMAKE\ch3_4_project\build\animal\AnimalLib.dir\$(Configuration)\cat.obj">
      <Filter>Object Libraries</Filter>
    </Object>
    <Object Include="D:\CODE\CMAKE\ch3_4_project\build\animal\AnimalLib.dir\$(Configuration)\dog.obj">
      <Filter>Object Libraries</Filter>
    </Object>
  </ItemGroup>
  <ItemGroup>
    <Filter Include="Object Libraries">
      <UniqueIdentifier>{ED59D3CA-93E6-30AE-9DD8-8D6010A34744}</UniqueIdentifier>
    </Filter>
    <Filter Include="Source Files">
      <UniqueIdentifier>{A08F429C-5E4B-39FC-A813-6BDD43466174}</UniqueIdentifier>
    </Filter>
  </ItemGroup>
</Project>
