<?xml version="1.0" encoding="utf-8"?>
<Project ToolsVersion="17.0" xmlns="http://schemas.microsoft.com/developer/msbuild/2003">
  <ItemGroup>
    <ClCompile Include="D:\CODE\CMAKE\ch3_2_project\main.cpp">
      <Filter>Source Files</Filter>
    </ClCompile>
    <ClCompile Include="D:\CODE\CMAKE\ch3_2_project\animal\dog.cpp">
      <Filter>Source Files</Filter>
    </ClCompile>
    <ClCompile Include="D:\CODE\CMAKE\ch3_2_project\animal\cat.cpp">
      <Filter>Source Files</Filter>
    </ClCompile>
  </ItemGroup>
  <ItemGroup>
    <CustomBuild Include="D:\CODE\CMAKE\ch3_2_project\CMakeLists.txt" />
  </ItemGroup>
  <ItemGroup>
    <Filter Include="Source Files">
      <UniqueIdentifier>{2824FC7A-60C7-3F6D-9B7D-D082B136F9CD}</UniqueIdentifier>
    </Filter>
  </ItemGroup>
</Project>
